Microsoft Visual Studio Solution File, Format Version 12.00
# 17
VisualStudioVersion = 17.11.35312.102
MinimumVisualStudioVersion = 10.0.40219.1
Project("{FAE04EC0-301F-11D3-BF4B-00C04F79EFBC}") = "AllStudy", "AllStudy\AllStudy.csproj", "{9463EF9E-88FB-4BB9-8AB9-D33DBF95D796}"
EndProject
Global
	GlobalSection(SolutionConfigurationPlatforms) = preSolution
		Debug|Any CPU = Debug|Any CPU
		Release|Any CPU = Release|Any CPU
	EndGlobalSection
	GlobalSection(ProjectConfigurationPlatforms) = postSolution
		{9463EF9E-88FB-4BB9-8AB9-D33DBF95D796}.Debug|Any CPU.ActiveCfg = Debug|Any CPU
		{9463EF9E-88FB-4BB9-8AB9-D33DBF95D796}.Debug|Any CPU.Build.0 = Debug|Any CPU
		{9463EF9E-88FB-4BB9-8AB9-D33DBF95D796}.Debug|Any CPU.Deploy.0 = Debug|Any CPU
		{9463EF9E-88FB-4BB9-8AB9-D33DBF95D796}.Release|Any CPU.ActiveCfg = Release|Any CPU
		{9463EF9E-88FB-4BB9-8AB9-D33DBF95D796}.Release|Any CPU.Build.0 = Release|Any CPU
		{9463EF9E-88FB-4BB9-8AB9-D33DBF95D796}.Release|Any CPU.Deploy.0 = Release|Any CPU
	EndGlobalSection
	GlobalSection(SolutionProperties) = preSolution
		HideSolutionNode = FALSE
	EndGlobalSection
	GlobalSection(ExtensibilityGlobals) = postSolution
		SolutionGuid = {F6A5944E-8797-4D17-A1CB-369C719FCADD}
	EndGlobalSection
EndGlobal
